
Microsoft Visual Studio Solution File, Format Version 12.00
# Visual Studio Version 16
VisualStudioVersion = 16.0.31019.35
MinimumVisualStudioVersion = 10.0.40219.1
Project("{9A19103F-16F7-4668-BE54-9A1E7A4F7556}") = "ArgStore", "ArgStore\ArgStore.csproj", "{5452042C-D441-4F5F-80EF-3101A92407AB}"
EndProject
Project("{FAE04EC0-301F-11D3-BF4B-00C04F79EFBC}") = "Data", "Data\Data.csproj", "{7C0609C0-712B-4F62-8097-23E4F4E7A8CE}"
EndProject
Project("{FAE04EC0-301F-11D3-BF4B-00C04F79EFBC}") = "BLL", "BLL\BLL.csproj", "{03F9EE1A-E3B2-4966-8683-BC719E819239}"
EndProject
Global
	GlobalSection(SolutionConfigurationPlatforms) = preSolution
		Debug|Any CPU = Debug|Any CPU
		Release|Any CPU = Release|Any CPU
	EndGlobalSection
	GlobalSection(ProjectConfigurationPlatforms) = postSolution
		{5452042C-D441-4F5F-80EF-3101A92407AB}.Debug|Any CPU.ActiveCfg = Debug|Any CPU
		{5452042C-D441-4F5F-80EF-3101A92407AB}.Debug|Any CPU.Build.0 = Debug|Any CPU
		{5452042C-D441-4F5F-80EF-3101A92407AB}.Release|Any CPU.ActiveCfg = Release|Any CPU
		{5452042C-D441-4F5F-80EF-3101A92407AB}.Release|Any CPU.Build.0 = Release|Any CPU
		{7C0609C0-712B-4F62-8097-23E4F4E7A8CE}.Debug|Any CPU.ActiveCfg = Debug|Any CPU
		{7C0609C0-712B-4F62-8097-23E4F4E7A8CE}.Debug|Any CPU.Build.0 = Debug|Any CPU
		{7C0609C0-712B-4F62-8097-23E4F4E7A8CE}.Release|Any CPU.ActiveCfg = Release|Any CPU
		{7C0609C0-712B-4F62-8097-23E4F4E7A8CE}.Release|Any CPU.Build.0 = Release|Any CPU
		{03F9EE1A-E3B2-4966-8683-BC719E819239}.Debug|Any CPU.ActiveCfg = Debug|Any CPU
		{03F9EE1A-E3B2-4966-8683-BC719E819239}.Debug|Any CPU.Build.0 = Debug|Any CPU
		{03F9EE1A-E3B2-4966-8683-BC719E819239}.Release|Any CPU.ActiveCfg = Release|Any CPU
		{03F9EE1A-E3B2-4966-8683-BC719E819239}.Release|Any CPU.Build.0 = Release|Any CPU
	EndGlobalSection
	GlobalSection(SolutionProperties) = preSolution
		HideSolutionNode = FALSE
	EndGlobalSection
	GlobalSection(ExtensibilityGlobals) = postSolution
		SolutionGuid = {8D7C7E2D-3F88-4052-82B2-7E4899786AFF}
	EndGlobalSection
EndGlobal
